# This file is generated by running "yarn install" inside your project.
# Manual changes might be lost - proceed with caution!

__metadata:
  version: 6
  cacheKey: 8

"@types/prettier@npm:2.7.2":
  version: 2.7.2
  resolution: "@types/prettier@npm:2.7.2"
  checksum: b47d76a5252265f8d25dd2fe2a5a61dc43ba0e6a96ffdd00c594cb4fd74c1982c2e346497e3472805d97915407a09423804cc2110a0b8e1b22cffcab246479b7
  languageName: node
  linkType: hard

"prettier-plugin-organize-imports@npm:3.2.2":
  version: 3.2.2
  resolution: "prettier-plugin-organize-imports@npm:3.2.2"
  peerDependencies:
    "@volar/vue-language-plugin-pug": ^1.0.4
    "@volar/vue-typescript": ^1.0.4
    prettier: ">=2.0"
    typescript: ">=2.9"
  peerDependenciesMeta:
    "@volar/vue-language-plugin-pug":
      optional: true
    "@volar/vue-typescript":
      optional: true
  checksum: 28620ea73a0a518c93200c7ea17d38a26132db3f55a75954983dff3422d4dd2155515518422b7a68935736aa333b0406a51778053bd30133a57718090272bb5d
  languageName: node
  linkType: hard

"prettier@npm:2.8.3":
  version: 2.8.3
  resolution: "prettier@npm:2.8.3"
  bin:
    prettier: bin-prettier.js
  checksum: 92f2ceb522d454370e02082aa74ad27388672f7cee8975028b59517c069fe643bdc73e322675c8faf2ff173d7a626d1a6389f26b474000308e793aa25fff46e5
  languageName: node
  linkType: hard

"root-workspace-0b6124@workspace:.":
  version: 0.0.0-use.local
  resolution: "root-workspace-0b6124@workspace:."
  dependencies:
    "@types/prettier": 2.7.2
    prettier: 2.8.3
    prettier-plugin-organize-imports: 3.2.2
    simple-git-hooks: 2.8.1
    tslib: 2.5.0
    typescript: 4.9.5
  languageName: unknown
  linkType: soft

"simple-git-hooks@npm:2.8.1":
  version: 2.8.1
  resolution: "simple-git-hooks@npm:2.8.1"
  bin:
    simple-git-hooks: cli.js
  checksum: 920d8b3122a102d4790b511a2f033202511f6a08d5105b4e05f05907d407d99f25490da1037643280d622c1951e0d10abacfbeaee64d5f69f1d0e29cf914141f
  languageName: node
  linkType: hard

"tslib@npm:2.5.0":
  version: 2.5.0
  resolution: "tslib@npm:2.5.0"
  checksum: ae3ed5f9ce29932d049908ebfdf21b3a003a85653a9a140d614da6b767a93ef94f460e52c3d787f0e4f383546981713f165037dc2274df212ea9f8a4541004e1
  languageName: node
  linkType: hard

"typescript@npm:4.9.5":
  version: 4.9.5
  resolution: "typescript@npm:4.9.5"
  bin:
    tsc: bin/tsc
    tsserver: bin/tsserver
  checksum: ee000bc26848147ad423b581bd250075662a354d84f0e06eb76d3b892328d8d4440b7487b5a83e851b12b255f55d71835b008a66cbf8f255a11e4400159237db
  languageName: node
  linkType: hard

"typescript@patch:typescript@4.9.5#~builtin<compat/typescript>":
  version: 4.9.5
  resolution: "typescript@patch:typescript@npm%3A4.9.5#~builtin<compat/typescript>::version=4.9.5&hash=23ec76"
  bin:
    tsc: bin/tsc
    tsserver: bin/tsserver
  checksum: ab417a2f398380c90a6cf5a5f74badd17866adf57f1165617d6a551f059c3ba0a3e4da0d147b3ac5681db9ac76a303c5876394b13b3de75fdd5b1eaa06181c9d
  languageName: node
  linkType: hard
