# This file is generated by running "yarn install" inside your project.
# Manual changes might be lost - proceed with caution!

__metadata:
  version: 6
  cacheKey: 8

"@types/prettier@npm:2.7.2":
  version: 2.7.2
  resolution: "@types/prettier@npm:2.7.2"
  checksum: b47d76a5252265f8d25dd2fe2a5a61dc43ba0e6a96ffdd00c594cb4fd74c1982c2e346497e3472805d97915407a09423804cc2110a0b8e1b22cffcab246479b7
  languageName: node
  linkType: hard

"prettier@npm:2.8.3":
  version: 2.8.3
  resolution: "prettier@npm:2.8.3"
  bin:
    prettier: bin-prettier.js
  checksum: 92f2ceb522d454370e02082aa74ad27388672f7cee8975028b59517c069fe643bdc73e322675c8faf2ff173d7a626d1a6389f26b474000308e793aa25fff46e5
  languageName: node
  linkType: hard

"root-workspace-0b6124@workspace:.":
  version: 0.0.0-use.local
  resolution: "root-workspace-0b6124@workspace:."
  dependencies:
    "@types/prettier": 2.7.2
    prettier: 2.8.3
    simple-git-hooks: 2.8.1
  languageName: unknown
  linkType: soft

"simple-git-hooks@npm:2.8.1":
  version: 2.8.1
  resolution: "simple-git-hooks@npm:2.8.1"
  bin:
    simple-git-hooks: cli.js
  checksum: 920d8b3122a102d4790b511a2f033202511f6a08d5105b4e05f05907d407d99f25490da1037643280d622c1951e0d10abacfbeaee64d5f69f1d0e29cf914141f
  languageName: node
  linkType: hard
